// !$*UTF8*$!
{
	archiveVersion = 1;
	classes = {
	};
	objectVersion = 71;
	objects = {

/* Begin PBXBuildFile section */
		0489EE932C2EA04500BFC55B /* Alamofire in Frameworks */ = {isa = PBXBuildFile; productRef = 0489EE922C2EA04500BFC55B /* Alamofire */; };
		0489EE962C2EA05900BFC55B /* ComposableArchitecture in Frameworks */ = {isa = PBXBuildFile; productRef = 0489EE952C2EA05900BFC55B /* ComposableArchitecture */; };
		0489EE9C2C2EA18D00BFC55B /* Kingfisher in Frameworks */ = {isa = PBXBuildFile; productRef = 0489EE9B2C2EA18D00BFC55B /* Kingfisher */; };
		6CB868862CBBE6B8008D0BA5 /* DesignSystem in Frameworks */ = {isa = PBXBuildFile; productRef = 6CB868852CBBE6B8008D0BA5 /* DesignSystem */; };
		6CFF85E62CB22A5400572F2E /* NetworkKit in Frameworks */ = {isa = PBXBuildFile; productRef = 6CFF85E52CB22A5400572F2E /* NetworkKit */; };
		B94EC2422BD1473E00DC3FDB /* .swiftlint.yml in Resources */ = {isa = PBXBuildFile; fileRef = B94EC2412BD1473E00DC3FDB /* .swiftlint.yml */; };
		D45EB2462BFE10BD00BDC871 /* (null) in Frameworks */ = {isa = PBXBuildFile; };
/* End PBXBuildFile section */

/* Begin PBXContainerItemProxy section */
		045329542C5B8E3400BBE289 /* PBXContainerItemProxy */ = {
			isa = PBXContainerItemProxy;
			containerPortal = B94EC21A2BD13CBB00DC3FDB /* Project object */;
			proxyType = 1;
			remoteGlobalIDString = B94EC2212BD13CBB00DC3FDB;
			remoteInfo = "Climeet-iOS";
		};
		0489EEFD2C3BE58E00BFC55B /* PBXContainerItemProxy */ = {
			isa = PBXContainerItemProxy;
			containerPortal = B94EC21A2BD13CBB00DC3FDB /* Project object */;
			proxyType = 1;
			remoteGlobalIDString = B94EC2212BD13CBB00DC3FDB;
			remoteInfo = "Climeet-iOS";
		};
/* End PBXContainerItemProxy section */

/* Begin PBXFileReference section */
		0453294E2C5B8E3400BBE289 /* Climeet-iOSUITests.xctest */ = {isa = PBXFileReference; explicitFileType = wrapper.cfbundle; includeInIndex = 0; path = "Climeet-iOSUITests.xctest"; sourceTree = BUILT_PRODUCTS_DIR; };
		0489EEF92C3BE58E00BFC55B /* Climeet-iOSTests.xctest */ = {isa = PBXFileReference; explicitFileType = wrapper.cfbundle; includeInIndex = 0; path = "Climeet-iOSTests.xctest"; sourceTree = BUILT_PRODUCTS_DIR; };
		B94EC2222BD13CBB00DC3FDB /* Climeet-iOS.app */ = {isa = PBXFileReference; explicitFileType = wrapper.application; includeInIndex = 0; path = "Climeet-iOS.app"; sourceTree = BUILT_PRODUCTS_DIR; };
		B94EC2412BD1473E00DC3FDB /* .swiftlint.yml */ = {isa = PBXFileReference; lastKnownFileType = text.yaml; path = .swiftlint.yml; sourceTree = "<group>"; };
/* End PBXFileReference section */

/* Begin PBXFileSystemSynchronizedBuildFileExceptionSet section */
		604B97A62CC394F2005EDD29 /* PBXFileSystemSynchronizedBuildFileExceptionSet */ = {
			isa = PBXFileSystemSynchronizedBuildFileExceptionSet;
			membershipExceptions = (
				Resources/Info.plist,
			);
			target = B94EC2212BD13CBB00DC3FDB /* Climeet-iOS */;
		};
		604B97B02CC394F7005EDD29 /* PBXFileSystemSynchronizedBuildFileExceptionSet */ = {
			isa = PBXFileSystemSynchronizedBuildFileExceptionSet;
			membershipExceptions = (
				Climeet_iOSUITests.swift,
			);
			target = 0489EEF82C3BE58E00BFC55B /* Climeet-iOSTests */;
		};
/* End PBXFileSystemSynchronizedBuildFileExceptionSet section */

/* Begin PBXFileSystemSynchronizedRootGroup section */
		604B958E2CC394EF005EDD29 /* XCConfig */ = {isa = PBXFileSystemSynchronizedRootGroup; explicitFileTypes = {}; explicitFolders = (); path = XCConfig; sourceTree = "<group>"; };
		604B96BF2CC394F2005EDD29 /* Climeet-iOS */ = {isa = PBXFileSystemSynchronizedRootGroup; exceptions = (604B97A62CC394F2005EDD29 /* PBXFileSystemSynchronizedBuildFileExceptionSet */, ); explicitFileTypes = {}; explicitFolders = (); path = "Climeet-iOS"; sourceTree = "<group>"; };
		604B97A82CC394F5005EDD29 /* Climeet-iOSTests */ = {isa = PBXFileSystemSynchronizedRootGroup; explicitFileTypes = {}; explicitFolders = (); path = "Climeet-iOSTests"; sourceTree = "<group>"; };
		604B97AC2CC394F7005EDD29 /* Climeet-iOSUITests */ = {isa = PBXFileSystemSynchronizedRootGroup; exceptions = (604B97B02CC394F7005EDD29 /* PBXFileSystemSynchronizedBuildFileExceptionSet */, ); explicitFileTypes = {}; explicitFolders = (); path = "Climeet-iOSUITests"; sourceTree = "<group>"; };
/* End PBXFileSystemSynchronizedRootGroup section */

/* Begin PBXFrameworksBuildPhase section */
		0453294B2C5B8E3400BBE289 /* Frameworks */ = {
			isa = PBXFrameworksBuildPhase;
			buildActionMask = 2147483647;
			files = (
			);
			runOnlyForDeploymentPostprocessing = 0;
		};
		0489EEF62C3BE58E00BFC55B /* Frameworks */ = {
			isa = PBXFrameworksBuildPhase;
			buildActionMask = 2147483647;
			files = (
			);
			runOnlyForDeploymentPostprocessing = 0;
		};
		B94EC21F2BD13CBB00DC3FDB /* Frameworks */ = {
			isa = PBXFrameworksBuildPhase;
			buildActionMask = 2147483647;
			files = (
				6CFF85E62CB22A5400572F2E /* NetworkKit in Frameworks */,
				0489EE9C2C2EA18D00BFC55B /* Kingfisher in Frameworks */,
				0489EE932C2EA04500BFC55B /* Alamofire in Frameworks */,
				6CB868862CBBE6B8008D0BA5 /* DesignSystem in Frameworks */,
				0489EE962C2EA05900BFC55B /* ComposableArchitecture in Frameworks */,
				D45EB2462BFE10BD00BDC871 /* (null) in Frameworks */,
			);
			runOnlyForDeploymentPostprocessing = 0;
		};
/* End PBXFrameworksBuildPhase section */

/* Begin PBXGroup section */
		0489EE9A2C2EA18D00BFC55B /* Frameworks */ = {
			isa = PBXGroup;
			children = (
			);
			name = Frameworks;
			sourceTree = "<group>";
		};
		B94EC2192BD13CBB00DC3FDB = {
			isa = PBXGroup;
			children = (
				604B958E2CC394EF005EDD29 /* XCConfig */,
				B94EC2412BD1473E00DC3FDB /* .swiftlint.yml */,
				604B96BF2CC394F2005EDD29 /* Climeet-iOS */,
				604B97A82CC394F5005EDD29 /* Climeet-iOSTests */,
				604B97AC2CC394F7005EDD29 /* Climeet-iOSUITests */,
				B94EC2232BD13CBB00DC3FDB /* Products */,
				0489EE9A2C2EA18D00BFC55B /* Frameworks */,
			);
			sourceTree = "<group>";
		};
		B94EC2232BD13CBB00DC3FDB /* Products */ = {
			isa = PBXGroup;
			children = (
				B94EC2222BD13CBB00DC3FDB /* Climeet-iOS.app */,
				0489EEF92C3BE58E00BFC55B /* Climeet-iOSTests.xctest */,
				0453294E2C5B8E3400BBE289 /* Climeet-iOSUITests.xctest */,
			);
			name = Products;
			sourceTree = "<group>";
		};
/* End PBXGroup section */

/* Begin PBXNativeTarget section */
		0453294D2C5B8E3400BBE289 /* Climeet-iOSUITests */ = {
			isa = PBXNativeTarget;
			buildConfigurationList = 045329562C5B8E3400BBE289 /* Build configuration list for PBXNativeTarget "Climeet-iOSUITests" */;
			buildPhases = (
				0453294A2C5B8E3400BBE289 /* Sources */,
				0453294B2C5B8E3400BBE289 /* Frameworks */,
				0453294C2C5B8E3400BBE289 /* Resources */,
			);
			buildRules = (
			);
			dependencies = (
				045329552C5B8E3400BBE289 /* PBXTargetDependency */,
			);
			fileSystemSynchronizedGroups = (
				604B97AC2CC394F7005EDD29 /* Climeet-iOSUITests */,
			);
			name = "Climeet-iOSUITests";
			productName = "Climeet-iOSUITests";
			productReference = 0453294E2C5B8E3400BBE289 /* Climeet-iOSUITests.xctest */;
			productType = "com.apple.product-type.bundle.ui-testing";
		};
		0489EEF82C3BE58E00BFC55B /* Climeet-iOSTests */ = {
			isa = PBXNativeTarget;
			buildConfigurationList = 0489EEFF2C3BE58E00BFC55B /* Build configuration list for PBXNativeTarget "Climeet-iOSTests" */;
			buildPhases = (
				0489EEF52C3BE58E00BFC55B /* Sources */,
				0489EEF62C3BE58E00BFC55B /* Frameworks */,
				0489EEF72C3BE58E00BFC55B /* Resources */,
			);
			buildRules = (
			);
			dependencies = (
				0489EEFE2C3BE58E00BFC55B /* PBXTargetDependency */,
			);
			fileSystemSynchronizedGroups = (
				604B97A82CC394F5005EDD29 /* Climeet-iOSTests */,
			);
			name = "Climeet-iOSTests";
			productName = "Climeet-iOSTests";
			productReference = 0489EEF92C3BE58E00BFC55B /* Climeet-iOSTests.xctest */;
			productType = "com.apple.product-type.bundle.unit-test";
		};
		B94EC2212BD13CBB00DC3FDB /* Climeet-iOS */ = {
			isa = PBXNativeTarget;
			buildConfigurationList = B94EC2302BD13CBD00DC3FDB /* Build configuration list for PBXNativeTarget "Climeet-iOS" */;
			buildPhases = (
				B94EC21E2BD13CBB00DC3FDB /* Sources */,
				B94EC21F2BD13CBB00DC3FDB /* Frameworks */,
				B94EC2202BD13CBB00DC3FDB /* Resources */,
				B94EC2402BD1460B00DC3FDB /* ShellScript */,
			);
			buildRules = (
			);
			dependencies = (
			);
			fileSystemSynchronizedGroups = (
				604B96BF2CC394F2005EDD29 /* Climeet-iOS */,
			);
			name = "Climeet-iOS";
			packageProductDependencies = (
				0489EE922C2EA04500BFC55B /* Alamofire */,
				0489EE952C2EA05900BFC55B /* ComposableArchitecture */,
				0489EE9B2C2EA18D00BFC55B /* Kingfisher */,
				6CFF85E52CB22A5400572F2E /* NetworkKit */,
				6CB868852CBBE6B8008D0BA5 /* DesignSystem */,
			);
			productName = "Climeet-iOS";
			productReference = B94EC2222BD13CBB00DC3FDB /* Climeet-iOS.app */;
			productType = "com.apple.product-type.application";
		};
/* End PBXNativeTarget section */

/* Begin PBXProject section */
		B94EC21A2BD13CBB00DC3FDB /* Project object */ = {
			isa = PBXProject;
			attributes = {
				BuildIndependentTargetsInParallel = 1;
				LastSwiftUpdateCheck = 1530;
				LastUpgradeCheck = 1600;
				TargetAttributes = {
					0453294D2C5B8E3400BBE289 = {
						CreatedOnToolsVersion = 15.3;
						TestTargetID = B94EC2212BD13CBB00DC3FDB;
					};
					0489EEF82C3BE58E00BFC55B = {
						CreatedOnToolsVersion = 15.3;
						TestTargetID = B94EC2212BD13CBB00DC3FDB;
					};
					B94EC2212BD13CBB00DC3FDB = {
						CreatedOnToolsVersion = 15.0;
					};
				};
			};
			buildConfigurationList = B94EC21D2BD13CBB00DC3FDB /* Build configuration list for PBXProject "Climeet-iOS" */;
			compatibilityVersion = "Xcode 14.0";
			developmentRegion = en;
			hasScannedForEncodings = 0;
			knownRegions = (
				en,
				Base,
			);
			mainGroup = B94EC2192BD13CBB00DC3FDB;
			packageReferences = (
				0489EE912C2EA04500BFC55B /* XCRemoteSwiftPackageReference "Alamofire" */,
				0489EE942C2EA05900BFC55B /* XCRemoteSwiftPackageReference "swift-composable-architecture" */,
				0489EE972C2EA0A100BFC55B /* XCRemoteSwiftPackageReference "Kingfisher" */,
				6CFF85E42CB22A5400572F2E /* XCLocalSwiftPackageReference "../NetworkKit" */,
				6CB868842CBBE6B8008D0BA5 /* XCLocalSwiftPackageReference "../DesignSystem" */,
			);
			productRefGroup = B94EC2232BD13CBB00DC3FDB /* Products */;
			projectDirPath = "";
			projectRoot = "";
			targets = (
				B94EC2212BD13CBB00DC3FDB /* Climeet-iOS */,
				0489EEF82C3BE58E00BFC55B /* Climeet-iOSTests */,
				0453294D2C5B8E3400BBE289 /* Climeet-iOSUITests */,
			);
		};
/* End PBXProject section */

/* Begin PBXResourcesBuildPhase section */
		0453294C2C5B8E3400BBE289 /* Resources */ = {
			isa = PBXResourcesBuildPhase;
			buildActionMask = 2147483647;
			files = (
			);
			runOnlyForDeploymentPostprocessing = 0;
		};
		0489EEF72C3BE58E00BFC55B /* Resources */ = {
			isa = PBXResourcesBuildPhase;
			buildActionMask = 2147483647;
			files = (
			);
			runOnlyForDeploymentPostprocessing = 0;
		};
		B94EC2202BD13CBB00DC3FDB /* Resources */ = {
			isa = PBXResourcesBuildPhase;
			buildActionMask = 2147483647;
			files = (
				B94EC2422BD1473E00DC3FDB /* .swiftlint.yml in Resources */,
			);
			runOnlyForDeploymentPostprocessing = 0;
		};
/* End PBXResourcesBuildPhase section */

/* Begin PBXShellScriptBuildPhase section */
		B94EC2402BD1460B00DC3FDB /* ShellScript */ = {
			isa = PBXShellScriptBuildPhase;
			alwaysOutOfDate = 1;
			buildActionMask = 2147483647;
			files = (
			);
			inputFileListPaths = (
			);
			inputPaths = (
			);
			outputFileListPaths = (
			);
			outputPaths = (
			);
			runOnlyForDeploymentPostprocessing = 0;
			shellPath = /bin/sh;
			shellScript = "export PATH=\"$PATH:/opt/homebrew/bin\"\nif which swiftlint > /dev/null; then\n  swiftlint\nelse\n  echo \"warning: SwiftLint not installed, download from https://github.com/realm/SwiftLint\"\nfi\n";
		};
/* End PBXShellScriptBuildPhase section */

/* Begin PBXSourcesBuildPhase section */
		0453294A2C5B8E3400BBE289 /* Sources */ = {
			isa = PBXSourcesBuildPhase;
			buildActionMask = 2147483647;
			files = (
			);
			runOnlyForDeploymentPostprocessing = 0;
		};
		0489EEF52C3BE58E00BFC55B /* Sources */ = {
			isa = PBXSourcesBuildPhase;
			buildActionMask = 2147483647;
			files = (
			);
			runOnlyForDeploymentPostprocessing = 0;
		};
		B94EC21E2BD13CBB00DC3FDB /* Sources */ = {
			isa = PBXSourcesBuildPhase;
			buildActionMask = 2147483647;
			files = (
			);
			runOnlyForDeploymentPostprocessing = 0;
		};
/* End PBXSourcesBuildPhase section */

/* Begin PBXTargetDependency section */
		045329552C5B8E3400BBE289 /* PBXTargetDependency */ = {
			isa = PBXTargetDependency;
			target = B94EC2212BD13CBB00DC3FDB /* Climeet-iOS */;
			targetProxy = 045329542C5B8E3400BBE289 /* PBXContainerItemProxy */;
		};
		0489EEFE2C3BE58E00BFC55B /* PBXTargetDependency */ = {
			isa = PBXTargetDependency;
			target = B94EC2212BD13CBB00DC3FDB /* Climeet-iOS */;
			targetProxy = 0489EEFD2C3BE58E00BFC55B /* PBXContainerItemProxy */;
		};
/* End PBXTargetDependency section */

/* Begin XCBuildConfiguration section */
		045329572C5B8E3400BBE289 /* Debug */ = {
			isa = XCBuildConfiguration;
			baseConfigurationReferenceAnchor = 604B958E2CC394EF005EDD29 /* XCConfig */;
			baseConfigurationReferenceRelativePath = Debug.xcconfig;
			buildSettings = {
				CODE_SIGN_STYLE = Automatic;
				CURRENT_PROJECT_VERSION = 1;
				DEAD_CODE_STRIPPING = YES;
				DEVELOPMENT_TEAM = 7MJ69FU8BU;
				GENERATE_INFOPLIST_FILE = YES;
				IPHONEOS_DEPLOYMENT_TARGET = 17.4;
				MACOSX_DEPLOYMENT_TARGET = 14.4;
				MARKETING_VERSION = 1.0;
				PRODUCT_BUNDLE_IDENTIFIER = "Climeet-iOSTests.Climeet-iOSUITests";
				PRODUCT_NAME = "$(TARGET_NAME)";
				SDKROOT = auto;
				SUPPORTED_PLATFORMS = "iphoneos iphonesimulator macosx";
				SWIFT_EMIT_LOC_STRINGS = NO;
				SWIFT_VERSION = 5.0;
				TARGETED_DEVICE_FAMILY = "1,2";
				TEST_TARGET_NAME = "Climeet-iOS";
			};
			name = Debug;
		};
		045329582C5B8E3400BBE289 /* Release */ = {
			isa = XCBuildConfiguration;
			baseConfigurationReferenceAnchor = 604B958E2CC394EF005EDD29 /* XCConfig */;
			baseConfigurationReferenceRelativePath = Release.xcconfig;
			buildSettings = {
				CODE_SIGN_STYLE = Automatic;
				CURRENT_PROJECT_VERSION = 1;
				DEAD_CODE_STRIPPING = YES;
				DEVELOPMENT_TEAM = 7MJ69FU8BU;
				GENERATE_INFOPLIST_FILE = YES;
				IPHONEOS_DEPLOYMENT_TARGET = 17.4;
				MACOSX_DEPLOYMENT_TARGET = 14.4;
				MARKETING_VERSION = 1.0;
				PRODUCT_BUNDLE_IDENTIFIER = "Climeet-iOSTests.Climeet-iOSUITests";
				PRODUCT_NAME = "$(TARGET_NAME)";
				SDKROOT = auto;
				SUPPORTED_PLATFORMS = "iphoneos iphonesimulator macosx";
				SWIFT_EMIT_LOC_STRINGS = NO;
				SWIFT_VERSION = 5.0;
				TARGETED_DEVICE_FAMILY = "1,2";
				TEST_TARGET_NAME = "Climeet-iOS";
			};
			name = Release;
		};
		0489EF002C3BE58E00BFC55B /* Debug */ = {
			isa = XCBuildConfiguration;
			baseConfigurationReferenceAnchor = 604B958E2CC394EF005EDD29 /* XCConfig */;
			baseConfigurationReferenceRelativePath = Debug.xcconfig;
			buildSettings = {
				BUNDLE_LOADER = "$(TEST_HOST)";
				CODE_SIGN_STYLE = Automatic;
				CURRENT_PROJECT_VERSION = 1;
				DEAD_CODE_STRIPPING = YES;
				DEVELOPMENT_TEAM = 7MJ69FU8BU;
				GENERATE_INFOPLIST_FILE = YES;
				IPHONEOS_DEPLOYMENT_TARGET = 17.4;
				MACOSX_DEPLOYMENT_TARGET = 14.4;
				MARKETING_VERSION = 1.0;
				PRODUCT_BUNDLE_IDENTIFIER = "Climeet-iOSTests.Climeet-iOSTests";
				PRODUCT_NAME = "$(TARGET_NAME)";
				SDKROOT = auto;
				SUPPORTED_PLATFORMS = "iphoneos iphonesimulator macosx";
				SWIFT_EMIT_LOC_STRINGS = NO;
				SWIFT_VERSION = 5.0;
				TARGETED_DEVICE_FAMILY = "1,2";
				TEST_HOST = "$(BUILT_PRODUCTS_DIR)/Climeet-iOS.app/$(BUNDLE_EXECUTABLE_FOLDER_PATH)/Climeet-iOS";
			};
			name = Debug;
		};
		0489EF012C3BE58E00BFC55B /* Release */ = {
			isa = XCBuildConfiguration;
			baseConfigurationReferenceAnchor = 604B958E2CC394EF005EDD29 /* XCConfig */;
			baseConfigurationReferenceRelativePath = Release.xcconfig;
			buildSettings = {
				BUNDLE_LOADER = "$(TEST_HOST)";
				CODE_SIGN_STYLE = Automatic;
				CURRENT_PROJECT_VERSION = 1;
				DEAD_CODE_STRIPPING = YES;
				DEVELOPMENT_TEAM = 7MJ69FU8BU;
				GENERATE_INFOPLIST_FILE = YES;
				IPHONEOS_DEPLOYMENT_TARGET = 17.4;
				MACOSX_DEPLOYMENT_TARGET = 14.4;
				MARKETING_VERSION = 1.0;
				PRODUCT_BUNDLE_IDENTIFIER = "Climeet-iOSTests.Climeet-iOSTests";
				PRODUCT_NAME = "$(TARGET_NAME)";
				SDKROOT = auto;
				SUPPORTED_PLATFORMS = "iphoneos iphonesimulator macosx";
				SWIFT_EMIT_LOC_STRINGS = NO;
				SWIFT_VERSION = 5.0;
				TARGETED_DEVICE_FAMILY = "1,2";
				TEST_HOST = "$(BUILT_PRODUCTS_DIR)/Climeet-iOS.app/$(BUNDLE_EXECUTABLE_FOLDER_PATH)/Climeet-iOS";
			};
			name = Release;
		};
		B94EC22E2BD13CBD00DC3FDB /* Debug */ = {
			isa = XCBuildConfiguration;
			baseConfigurationReferenceAnchor = 604B958E2CC394EF005EDD29 /* XCConfig */;
			baseConfigurationReferenceRelativePath = Debug.xcconfig;
			buildSettings = {
				ALWAYS_SEARCH_USER_PATHS = NO;
				ASSETCATALOG_COMPILER_GENERATE_SWIFT_ASSET_SYMBOL_EXTENSIONS = YES;
				CLANG_ANALYZER_NONNULL = YES;
				CLANG_ANALYZER_NUMBER_OBJECT_CONVERSION = YES_AGGRESSIVE;
				CLANG_CXX_LANGUAGE_STANDARD = "gnu++20";
				CLANG_ENABLE_MODULES = YES;
				CLANG_ENABLE_OBJC_ARC = YES;
				CLANG_ENABLE_OBJC_WEAK = YES;
				CLANG_WARN_BLOCK_CAPTURE_AUTORELEASING = YES;
				CLANG_WARN_BOOL_CONVERSION = YES;
				CLANG_WARN_COMMA = YES;
				CLANG_WARN_CONSTANT_CONVERSION = YES;
				CLANG_WARN_DEPRECATED_OBJC_IMPLEMENTATIONS = YES;
				CLANG_WARN_DIRECT_OBJC_ISA_USAGE = YES_ERROR;
				CLANG_WARN_DOCUMENTATION_COMMENTS = YES;
				CLANG_WARN_EMPTY_BODY = YES;
				CLANG_WARN_ENUM_CONVERSION = YES;
				CLANG_WARN_INFINITE_RECURSION = YES;
				CLANG_WARN_INT_CONVERSION = YES;
				CLANG_WARN_NON_LITERAL_NULL_CONVERSION = YES;
				CLANG_WARN_OBJC_IMPLICIT_RETAIN_SELF = YES;
				CLANG_WARN_OBJC_LITERAL_CONVERSION = YES;
				CLANG_WARN_OBJC_ROOT_CLASS = YES_ERROR;
				CLANG_WARN_QUOTED_INCLUDE_IN_FRAMEWORK_HEADER = YES;
				CLANG_WARN_RANGE_LOOP_ANALYSIS = YES;
				CLANG_WARN_STRICT_PROTOTYPES = YES;
				CLANG_WARN_SUSPICIOUS_MOVE = YES;
				CLANG_WARN_UNGUARDED_AVAILABILITY = YES_AGGRESSIVE;
				CLANG_WARN_UNREACHABLE_CODE = YES;
				CLANG_WARN__DUPLICATE_METHOD_MATCH = YES;
				COPY_PHASE_STRIP = NO;
				DEBUG_INFORMATION_FORMAT = dwarf;
				ENABLE_STRICT_OBJC_MSGSEND = YES;
				ENABLE_TESTABILITY = YES;
				ENABLE_USER_SCRIPT_SANDBOXING = YES;
				GCC_C_LANGUAGE_STANDARD = gnu17;
				GCC_DYNAMIC_NO_PIC = NO;
				GCC_NO_COMMON_BLOCKS = YES;
				GCC_OPTIMIZATION_LEVEL = 0;
				GCC_PREPROCESSOR_DEFINITIONS = (
					"DEBUG=1",
					"$(inherited)",
				);
				GCC_WARN_64_TO_32_BIT_CONVERSION = YES;
				GCC_WARN_ABOUT_RETURN_TYPE = YES_ERROR;
				GCC_WARN_UNDECLARED_SELECTOR = YES;
				GCC_WARN_UNINITIALIZED_AUTOS = YES_AGGRESSIVE;
				GCC_WARN_UNUSED_FUNCTION = YES;
				GCC_WARN_UNUSED_VARIABLE = YES;
				IPHONEOS_DEPLOYMENT_TARGET = 17.0;
				LOCALIZATION_PREFERS_STRING_CATALOGS = YES;
				MTL_ENABLE_DEBUG_INFO = INCLUDE_SOURCE;
				MTL_FAST_MATH = YES;
				ONLY_ACTIVE_ARCH = YES;
				SDKROOT = iphoneos;
				SWIFT_ACTIVE_COMPILATION_CONDITIONS = "DEBUG $(inherited)";
				SWIFT_OPTIMIZATION_LEVEL = "-Onone";
			};
			name = Debug;
		};
		B94EC22F2BD13CBD00DC3FDB /* Release */ = {
			isa = XCBuildConfiguration;
			baseConfigurationReferenceAnchor = 604B958E2CC394EF005EDD29 /* XCConfig */;
			baseConfigurationReferenceRelativePath = Release.xcconfig;
			buildSettings = {
				ALWAYS_SEARCH_USER_PATHS = NO;
				ASSETCATALOG_COMPILER_GENERATE_SWIFT_ASSET_SYMBOL_EXTENSIONS = YES;
				CLANG_ANALYZER_NONNULL = YES;
				CLANG_ANALYZER_NUMBER_OBJECT_CONVERSION = YES_AGGRESSIVE;
				CLANG_CXX_LANGUAGE_STANDARD = "gnu++20";
				CLANG_ENABLE_MODULES = YES;
				CLANG_ENABLE_OBJC_ARC = YES;
				CLANG_ENABLE_OBJC_WEAK = YES;
				CLANG_WARN_BLOCK_CAPTURE_AUTORELEASING = YES;
				CLANG_WARN_BOOL_CONVERSION = YES;
				CLANG_WARN_COMMA = YES;
				CLANG_WARN_CONSTANT_CONVERSION = YES;
				CLANG_WARN_DEPRECATED_OBJC_IMPLEMENTATIONS = YES;
				CLANG_WARN_DIRECT_OBJC_ISA_USAGE = YES_ERROR;
				CLANG_WARN_DOCUMENTATION_COMMENTS = YES;
				CLANG_WARN_EMPTY_BODY = YES;
				CLANG_WARN_ENUM_CONVERSION = YES;
				CLANG_WARN_INFINITE_RECURSION = YES;
				CLANG_WARN_INT_CONVERSION = YES;
				CLANG_WARN_NON_LITERAL_NULL_CONVERSION = YES;
				CLANG_WARN_OBJC_IMPLICIT_RETAIN_SELF = YES;
				CLANG_WARN_OBJC_LITERAL_CONVERSION = YES;
				CLANG_WARN_OBJC_ROOT_CLASS = YES_ERROR;
				CLANG_WARN_QUOTED_INCLUDE_IN_FRAMEWORK_HEADER = YES;
				CLANG_WARN_RANGE_LOOP_ANALYSIS = YES;
				CLANG_WARN_STRICT_PROTOTYPES = YES;
				CLANG_WARN_SUSPICIOUS_MOVE = YES;
				CLANG_WARN_UNGUARDED_AVAILABILITY = YES_AGGRESSIVE;
				CLANG_WARN_UNREACHABLE_CODE = YES;
				CLANG_WARN__DUPLICATE_METHOD_MATCH = YES;
				COPY_PHASE_STRIP = NO;
				DEBUG_INFORMATION_FORMAT = "dwarf-with-dsym";
				ENABLE_NS_ASSERTIONS = NO;
				ENABLE_STRICT_OBJC_MSGSEND = YES;
				ENABLE_USER_SCRIPT_SANDBOXING = YES;
				GCC_C_LANGUAGE_STANDARD = gnu17;
				GCC_NO_COMMON_BLOCKS = YES;
				GCC_WARN_64_TO_32_BIT_CONVERSION = YES;
				GCC_WARN_ABOUT_RETURN_TYPE = YES_ERROR;
				GCC_WARN_UNDECLARED_SELECTOR = YES;
				GCC_WARN_UNINITIALIZED_AUTOS = YES_AGGRESSIVE;
				GCC_WARN_UNUSED_FUNCTION = YES;
				GCC_WARN_UNUSED_VARIABLE = YES;
				IPHONEOS_DEPLOYMENT_TARGET = 17.0;
				LOCALIZATION_PREFERS_STRING_CATALOGS = YES;
				MTL_ENABLE_DEBUG_INFO = NO;
				MTL_FAST_MATH = YES;
				SDKROOT = iphoneos;
				SWIFT_COMPILATION_MODE = wholemodule;
				VALIDATE_PRODUCT = YES;
			};
			name = Release;
		};
		B94EC2312BD13CBD00DC3FDB /* Debug */ = {
			isa = XCBuildConfiguration;
			baseConfigurationReferenceAnchor = 604B958E2CC394EF005EDD29 /* XCConfig */;
			baseConfigurationReferenceRelativePath = Debug.xcconfig;
			buildSettings = {
				ASSETCATALOG_COMPILER_APPICON_NAME = AppIcon;
				ASSETCATALOG_COMPILER_GLOBAL_ACCENT_COLOR_NAME = AccentColor;
				CODE_SIGN_IDENTITY = "Apple Development";
				CODE_SIGN_STYLE = Automatic;
				CURRENT_PROJECT_VERSION = 1;
				DEVELOPMENT_ASSET_PATHS = "\"Climeet-iOS/Preview Content\"";
				DEVELOPMENT_TEAM = MV89SHQKF4;
				ENABLE_PREVIEWS = YES;
				ENABLE_USER_SCRIPT_SANDBOXING = NO;
				GENERATE_INFOPLIST_FILE = YES;
				INFOPLIST_FILE = "Climeet-iOS/Resources/Info.plist";
				INFOPLIST_KEY_LSApplicationCategoryType = "";
				INFOPLIST_KEY_NSPhotoLibraryUsageDescription = "쇼츠 업로드를 위한 권한 요청입니다 :)";
				INFOPLIST_KEY_UIApplicationSceneManifest_Generation = YES;
				INFOPLIST_KEY_UIApplicationSupportsIndirectInputEvents = YES;
				INFOPLIST_KEY_UILaunchScreen_Generation = YES;
				INFOPLIST_KEY_UISupportedInterfaceOrientations_iPad = "UIInterfaceOrientationPortrait UIInterfaceOrientationPortraitUpsideDown UIInterfaceOrientationLandscapeLeft UIInterfaceOrientationLandscapeRight";
				INFOPLIST_KEY_UISupportedInterfaceOrientations_iPhone = "UIInterfaceOrientationPortrait UIInterfaceOrientationLandscapeLeft UIInterfaceOrientationLandscapeRight";
				LD_RUNPATH_SEARCH_PATHS = (
					"$(inherited)",
					"@executable_path/Frameworks",
				);
				MARKETING_VERSION = 1.0;
				PRODUCT_BUNDLE_IDENTIFIER = "Swift.Climeet.Climeet-iOS";
				PRODUCT_NAME = "$(TARGET_NAME)";
				PROVISIONING_PROFILE_SPECIFIER = "";
				SWIFT_EMIT_LOC_STRINGS = YES;
				SWIFT_VERSION = 5.0;
				TARGETED_DEVICE_FAMILY = "1,2";
			};
			name = Debug;
		};
		B94EC2322BD13CBD00DC3FDB /* Release */ = {
			isa = XCBuildConfiguration;
			baseConfigurationReferenceAnchor = 604B958E2CC394EF005EDD29 /* XCConfig */;
			baseConfigurationReferenceRelativePath = Release.xcconfig;
			buildSettings = {
				ASSETCATALOG_COMPILER_APPICON_NAME = AppIcon;
				ASSETCATALOG_COMPILER_GLOBAL_ACCENT_COLOR_NAME = AccentColor;
				CODE_SIGN_IDENTITY = "Apple Development";
				CODE_SIGN_STYLE = Automatic;
				CURRENT_PROJECT_VERSION = 1;
				DEVELOPMENT_ASSET_PATHS = "\"Climeet-iOS/Preview Content\"";
				DEVELOPMENT_TEAM = MV89SHQKF4;
				ENABLE_PREVIEWS = YES;
				ENABLE_USER_SCRIPT_SANDBOXING = NO;
				GENERATE_INFOPLIST_FILE = YES;
				INFOPLIST_FILE = "Climeet-iOS/Resources/Info.plist";
				INFOPLIST_KEY_LSApplicationCategoryType = "";
				INFOPLIST_KEY_NSPhotoLibraryUsageDescription = "쇼츠 업로드를 위한 권한 요청입니다 :)";
				INFOPLIST_KEY_UIApplicationSceneManifest_Generation = YES;
				INFOPLIST_KEY_UIApplicationSupportsIndirectInputEvents = YES;
				INFOPLIST_KEY_UILaunchScreen_Generation = YES;
				INFOPLIST_KEY_UISupportedInterfaceOrientations_iPad = "UIInterfaceOrientationPortrait UIInterfaceOrientationPortraitUpsideDown UIInterfaceOrientationLandscapeLeft UIInterfaceOrientationLandscapeRight";
				INFOPLIST_KEY_UISupportedInterfaceOrientations_iPhone = "UIInterfaceOrientationPortrait UIInterfaceOrientationLandscapeLeft UIInterfaceOrientationLandscapeRight";
				LD_RUNPATH_SEARCH_PATHS = (
					"$(inherited)",
					"@executable_path/Frameworks",
				);
				MARKETING_VERSION = 1.0;
				PRODUCT_BUNDLE_IDENTIFIER = "Swift.Climeet.Climeet-iOS";
				PRODUCT_NAME = "$(TARGET_NAME)";
				PROVISIONING_PROFILE_SPECIFIER = "";
				SWIFT_EMIT_LOC_STRINGS = YES;
				SWIFT_VERSION = 5.0;
				TARGETED_DEVICE_FAMILY = "1,2";
			};
			name = Release;
		};
/* End XCBuildConfiguration section */

/* Begin XCConfigurationList section */
		045329562C5B8E3400BBE289 /* Build configuration list for PBXNativeTarget "Climeet-iOSUITests" */ = {
			isa = XCConfigurationList;
			buildConfigurations = (
				045329572C5B8E3400BBE289 /* Debug */,
				045329582C5B8E3400BBE289 /* Release */,
			);
			defaultConfigurationIsVisible = 0;
			defaultConfigurationName = Debug;
		};
		0489EEFF2C3BE58E00BFC55B /* Build configuration list for PBXNativeTarget "Climeet-iOSTests" */ = {
			isa = XCConfigurationList;
			buildConfigurations = (
				0489EF002C3BE58E00BFC55B /* Debug */,
				0489EF012C3BE58E00BFC55B /* Release */,
			);
			defaultConfigurationIsVisible = 0;
			defaultConfigurationName = Debug;
		};
		B94EC21D2BD13CBB00DC3FDB /* Build configuration list for PBXProject "Climeet-iOS" */ = {
			isa = XCConfigurationList;
			buildConfigurations = (
				B94EC22E2BD13CBD00DC3FDB /* Debug */,
				B94EC22F2BD13CBD00DC3FDB /* Release */,
			);
			defaultConfigurationIsVisible = 0;
			defaultConfigurationName = Debug;
		};
		B94EC2302BD13CBD00DC3FDB /* Build configuration list for PBXNativeTarget "Climeet-iOS" */ = {
			isa = XCConfigurationList;
			buildConfigurations = (
				B94EC2312BD13CBD00DC3FDB /* Debug */,
				B94EC2322BD13CBD00DC3FDB /* Release */,
			);
			defaultConfigurationIsVisible = 0;
			defaultConfigurationName = Debug;
		};
/* End XCConfigurationList section */

/* Begin XCLocalSwiftPackageReference section */
		6CB868842CBBE6B8008D0BA5 /* XCLocalSwiftPackageReference "../DesignSystem" */ = {
			isa = XCLocalSwiftPackageReference;
			relativePath = ../DesignSystem;
		};
		6CFF85E42CB22A5400572F2E /* XCLocalSwiftPackageReference "../NetworkKit" */ = {
			isa = XCLocalSwiftPackageReference;
			relativePath = ../NetworkKit;
		};
/* End XCLocalSwiftPackageReference section */

/* Begin XCRemoteSwiftPackageReference section */
		0489EE912C2EA04500BFC55B /* XCRemoteSwiftPackageReference "Alamofire" */ = {
			isa = XCRemoteSwiftPackageReference;
			repositoryURL = "https://github.com/Alamofire/Alamofire";
			requirement = {
				kind = upToNextMajorVersion;
				minimumVersion = 5.9.0;
			};
		};
		0489EE942C2EA05900BFC55B /* XCRemoteSwiftPackageReference "swift-composable-architecture" */ = {
			isa = XCRemoteSwiftPackageReference;
			repositoryURL = "https://github.com/pointfreeco/swift-composable-architecture";
			requirement = {
				kind = upToNextMajorVersion;
				minimumVersion = 1.11.2;
			};
		};
		0489EE972C2EA0A100BFC55B /* XCRemoteSwiftPackageReference "Kingfisher" */ = {
			isa = XCRemoteSwiftPackageReference;
			repositoryURL = "https://github.com/onevcat/Kingfisher";
			requirement = {
				kind = upToNextMajorVersion;
				minimumVersion = 7.12.0;
			};
		};
/* End XCRemoteSwiftPackageReference section */

/* Begin XCSwiftPackageProductDependency section */
		0489EE922C2EA04500BFC55B /* Alamofire */ = {
			isa = XCSwiftPackageProductDependency;
			package = 0489EE912C2EA04500BFC55B /* XCRemoteSwiftPackageReference "Alamofire" */;
			productName = Alamofire;
		};
		0489EE952C2EA05900BFC55B /* ComposableArchitecture */ = {
			isa = XCSwiftPackageProductDependency;
			package = 0489EE942C2EA05900BFC55B /* XCRemoteSwiftPackageReference "swift-composable-architecture" */;
			productName = ComposableArchitecture;
		};
		0489EE9B2C2EA18D00BFC55B /* Kingfisher */ = {
			isa = XCSwiftPackageProductDependency;
			package = 0489EE972C2EA0A100BFC55B /* XCRemoteSwiftPackageReference "Kingfisher" */;
			productName = Kingfisher;
		};
		6CB868852CBBE6B8008D0BA5 /* DesignSystem */ = {
			isa = XCSwiftPackageProductDependency;
			productName = DesignSystem;
		};
		6CFF85E52CB22A5400572F2E /* NetworkKit */ = {
			isa = XCSwiftPackageProductDependency;
			productName = NetworkKit;
		};
/* End XCSwiftPackageProductDependency section */
	};
	rootObject = B94EC21A2BD13CBB00DC3FDB /* Project object */;
}
